{
  "originHash" : "b8c9a12877704b8abe8aa1a92a57bab48a2fd4365c425fb38bfdfb40774d1203",
  "pins" : [
    {
      "identity" : "async-http-client",
      "kind" : "remoteSourceControl",
      "location" : "https://github.com/swift-server/async-http-client.git",
      "state" : {
        "revision" : "b2faff932b956df50668241d14f1b42f7bae12b4",
        "version" : "1.30.0"
      }
    },
    {
      "identity" : "binary-codable",
      "kind" : "remoteSourceControl",
      "location" : "https://github.com/needletails/binary-codable.git",
      "state" : {
        "revision" : "12bd3687711c34b93dbaaa9c2cddfe93a2d6ecdb",
        "version" : "1.0.3"
      }
    },
    {
      "identity" : "compress-nio",
      "kind" : "remoteSourceControl",
      "location" : "https://github.com/adam-fowler/compress-nio.git",
      "state" : {
        "revision" : "e1caa19077dda4b00441142ef57da3db02acd466",
        "version" : "1.4.2"
      }
    },
    {
      "identity" : "hummingbird",
      "kind" : "remoteSourceControl",
      "location" : "https://github.com/hummingbird-project/hummingbird.git",
      "state" : {
        "revision" : "63689a57cbebf72c50cb9d702a4c69fb79f51d5d",
        "version" : "2.17.0"
      }
    },
    {
      "identity" : "hummingbird-websocket",
      "kind" : "remoteSourceControl",
      "location" : "https://github.com/hummingbird-project/hummingbird-websocket.git",
      "state" : {
        "revision" : "716c54294152c6d3301a6239a1d74db57cbcd6dc",
        "version" : "2.6.0"
      }
    },
    {
      "identity" : "needletail-algorithms",
      "kind" : "remoteSourceControl",
      "location" : "https://github.com/needletails/needletail-algorithms.git",
      "state" : {
        "revision" : "95679a3bfd5daf7d5bf0f72598beffe9d08a264b",
        "version" : "2.0.4"
      }
    },
    {
      "identity" : "needletail-irc",
      "kind" : "remoteSourceControl",
      "location" : "https://github.com/needletails/needletail-irc.git",
      "state" : {
        "branch" : "main",
        "revision" : "d701b6acb0f5f306d3da0bc600a22d4356caed55"
      }
    },
    {
      "identity" : "needletail-logger",
      "kind" : "remoteSourceControl",
      "location" : "https://github.com/needletails/needletail-logger.git",
      "state" : {
        "revision" : "4b595db6d9c17d6134c662c6949b4688d263ae50",
        "version" : "3.1.3"
      }
    },
    {
      "identity" : "swift-algorithms",
      "kind" : "remoteSourceControl",
      "location" : "https://github.com/apple/swift-algorithms.git",
      "state" : {
        "revision" : "87e50f483c54e6efd60e885f7f5aa946cee68023",
        "version" : "1.2.1"
      }
    },
    {
      "identity" : "swift-android-native",
      "kind" : "remoteSourceControl",
      "location" : "https://github.com/skiptools/swift-android-native.git",
      "state" : {
        "revision" : "8bfa631886b4dd1f9e3fc3f43d653a71b6d19295",
        "version" : "1.4.3"
      }
    },
    {
      "identity" : "swift-asn1",
      "kind" : "remoteSourceControl",
      "location" : "https://github.com/apple/swift-asn1.git",
      "state" : {
        "revision" : "40d25bbb2fc5b557a9aa8512210bded327c0f60d",
        "version" : "1.5.0"
      }
    },
    {
      "identity" : "swift-async-algorithms",
      "kind" : "remoteSourceControl",
      "location" : "https://github.com/apple/swift-async-algorithms.git",
      "state" : {
        "revision" : "2773d4125311133a2f705ec374c363a935069d45",
        "version" : "1.1.0"
      }
    },
    {
      "identity" : "swift-atomics",
      "kind" : "remoteSourceControl",
      "location" : "https://github.com/apple/swift-atomics.git",
      "state" : {
        "revision" : "b601256eab081c0f92f059e12818ac1d4f178ff7",
        "version" : "1.3.0"
      }
    },
    {
      "identity" : "swift-collections",
      "kind" : "remoteSourceControl",
      "location" : "https://github.com/apple/swift-collections.git",
      "state" : {
        "revision" : "7b847a3b7008b2dc2f47ca3110d8c782fb2e5c7e",
        "version" : "1.3.0"
      }
    },
    {
      "identity" : "swift-crypto",
      "kind" : "remoteSourceControl",
      "location" : "https://github.com/needletails/swift-crypto.git",
      "state" : {
        "revision" : "63bff550740e524201d9ba183642f25ea0c255eb",
        "version" : "1.0.1"
      }
    },
    {
      "identity" : "swift-distributed-tracing",
      "kind" : "remoteSourceControl",
      "location" : "https://github.com/apple/swift-distributed-tracing.git",
      "state" : {
        "revision" : "baa932c1336f7894145cbaafcd34ce2dd0b77c97",
        "version" : "1.3.1"
      }
    },
    {
      "identity" : "swift-http-structured-headers",
      "kind" : "remoteSourceControl",
      "location" : "https://github.com/apple/swift-http-structured-headers.git",
      "state" : {
        "revision" : "76d7627bd88b47bf5a0f8497dd244885960dde0b",
        "version" : "1.6.0"
      }
    },
    {
      "identity" : "swift-http-types",
      "kind" : "remoteSourceControl",
      "location" : "https://github.com/apple/swift-http-types.git",
      "state" : {
        "revision" : "45eb0224913ea070ec4fba17291b9e7ecf4749ca",
        "version" : "1.5.1"
      }
    },
    {
      "identity" : "swift-jni",
      "kind" : "remoteSourceControl",
      "location" : "https://source.skip.tools/swift-jni.git",
      "state" : {
        "revision" : "e2cc18b34695d0f3e7948a6c1d4b95cd5d89571f",
        "version" : "0.3.1"
      }
    },
    {
      "identity" : "swift-log",
      "kind" : "remoteSourceControl",
      "location" : "https://github.com/apple/swift-log.git",
      "state" : {
        "revision" : "ce592ae52f982c847a4efc0dd881cc9eb32d29f2",
        "version" : "1.6.4"
      }
    },
    {
      "identity" : "swift-metrics",
      "kind" : "remoteSourceControl",
      "location" : "https://github.com/apple/swift-metrics.git",
      "state" : {
        "revision" : "0743a9364382629da3bf5677b46a2c4b1ce5d2a6",
        "version" : "2.7.1"
      }
    },
    {
      "identity" : "swift-nio",
      "kind" : "remoteSourceControl",
      "location" : "https://github.com/apple/swift-nio.git",
      "state" : {
        "revision" : "3eea09220e07d34ace722221cbda90306f48c86c",
        "version" : "2.90.1"
      }
    },
    {
      "identity" : "swift-nio-extras",
      "kind" : "remoteSourceControl",
      "location" : "https://github.com/apple/swift-nio-extras.git",
      "state" : {
        "revision" : "f1f6f772198bee35d99dd145f1513d8581a54f2c",
        "version" : "1.26.0"
      }
    },
    {
      "identity" : "swift-nio-http2",
      "kind" : "remoteSourceControl",
      "location" : "https://github.com/apple/swift-nio-http2.git",
      "state" : {
        "revision" : "c2ba4cfbb83f307c66f5a6df6bb43e3c88dfbf80",
        "version" : "1.39.0"
      }
    },
    {
      "identity" : "swift-nio-ssl",
      "kind" : "remoteSourceControl",
      "location" : "https://github.com/apple/swift-nio-ssl.git",
      "state" : {
        "revision" : "173cc69a058623525a58ae6710e2f5727c663793",
        "version" : "2.36.0"
      }
    },
    {
      "identity" : "swift-nio-transport-services",
      "kind" : "remoteSourceControl",
      "location" : "https://github.com/apple/swift-nio-transport-services.git",
      "state" : {
        "revision" : "60c3e187154421171721c1a38e800b390680fb5d",
        "version" : "1.26.0"
      }
    },
    {
      "identity" : "swift-numerics",
      "kind" : "remoteSourceControl",
      "location" : "https://github.com/apple/swift-numerics.git",
      "state" : {
        "revision" : "0c0290ff6b24942dadb83a929ffaaa1481df04a2",
        "version" : "1.1.1"
      }
    },
    {
      "identity" : "swift-service-context",
      "kind" : "remoteSourceControl",
      "location" : "https://github.com/apple/swift-service-context.git",
      "state" : {
        "revision" : "1983448fefc717a2bc2ebde5490fe99873c5b8a6",
        "version" : "1.2.1"
      }
    },
    {
      "identity" : "swift-service-lifecycle",
      "kind" : "remoteSourceControl",
      "location" : "https://github.com/swift-server/swift-service-lifecycle.git",
      "state" : {
        "revision" : "1de37290c0ab3c5a96028e0f02911b672fd42348",
        "version" : "2.9.1"
      }
    },
    {
      "identity" : "swift-system",
      "kind" : "remoteSourceControl",
      "location" : "https://github.com/apple/swift-system.git",
      "state" : {
        "revision" : "395a77f0aa927f0ff73941d7ac35f2b46d47c9db",
        "version" : "1.6.3"
      }
    },
    {
      "identity" : "swift-websocket",
      "kind" : "remoteSourceControl",
      "location" : "https://github.com/hummingbird-project/swift-websocket.git",
      "state" : {
        "revision" : "7c0ea7b877386d117441877a7cb24005326750a7",
        "version" : "1.3.2"
      }
    }
  ],
  "version" : 3
}
